
Microsoft Visual Studio Solution File, Format Version 12.00
# Visual Studio Version 17
VisualStudioVersion = 17.0.32014.148
MinimumVisualStudioVersion = 10.0.40219.1
Project("{FAE04EC0-301F-11D3-BF4B-00C04F79EFBC}") = "ArduinoController", "ArduinoController\ArduinoController.csproj", "{011375A8-4692-432E-BE97-F539922002E2}"
EndProject
Global
	GlobalSection(SolutionConfigurationPlatforms) = preSolution
		Debug|Any CPU = Debug|Any CPU
		Release|Any CPU = Release|Any CPU
	EndGlobalSection
	GlobalSection(ProjectConfigurationPlatforms) = postSolution
		{011375A8-4692-432E-BE97-F539922002E2}.Debug|Any CPU.ActiveCfg = Debug|Any CPU
		{011375A8-4692-432E-BE97-F539922002E2}.Debug|Any CPU.Build.0 = Debug|Any CPU
		{011375A8-4692-432E-BE97-F539922002E2}.Release|Any CPU.ActiveCfg = Release|Any CPU
		{011375A8-4692-432E-BE97-F539922002E2}.Release|Any CPU.Build.0 = Release|Any CPU
	EndGlobalSection
	GlobalSection(SolutionProperties) = preSolution
		HideSolutionNode = FALSE
	EndGlobalSection
	GlobalSection(ExtensibilityGlobals) = postSolution
		SolutionGuid = {26128AD6-752C-43B6-A739-8A56A1482703}
	EndGlobalSection
EndGlobal
